
Microsoft Visual Studio Solution File, Format Version 12.00
# Visual Studio Version 17
VisualStudioVersion = 17.5.33530.505
MinimumVisualStudioVersion = 10.0.40219.1
Project("{9A19103F-16F7-4668-BE54-9A1E7A4F7556}") = "Server", "Server\Server.csproj", "{C9F6D5E8-8225-47AD-914C-D4B8D2CC98BF}"
EndProject
Project("{2150E333-8FDC-42A3-9474-1A3956D46DE8}") = "ApiGateway", "ApiGateway", "{4ECDDA47-9B74-4472-B9E2-2A6A776DC4BB}"
EndProject
Project("{FAE04EC0-301F-11D3-BF4B-00C04F79EFBC}") = "ApiGateway", "ApiGateway\ApiGateway.csproj", "{EC89F556-2A49-4CB3-8781-2C9AE4CC3096}"
EndProject
Global
	GlobalSection(SolutionConfigurationPlatforms) = preSolution
		Debug|Any CPU = Debug|Any CPU
		Release|Any CPU = Release|Any CPU
	EndGlobalSection
	GlobalSection(ProjectConfigurationPlatforms) = postSolution
		{C9F6D5E8-8225-47AD-914C-D4B8D2CC98BF}.Debug|Any CPU.ActiveCfg = Debug|Any CPU
		{C9F6D5E8-8225-47AD-914C-D4B8D2CC98BF}.Debug|Any CPU.Build.0 = Debug|Any CPU
		{C9F6D5E8-8225-47AD-914C-D4B8D2CC98BF}.Release|Any CPU.ActiveCfg = Release|Any CPU
		{C9F6D5E8-8225-47AD-914C-D4B8D2CC98BF}.Release|Any CPU.Build.0 = Release|Any CPU
		{EC89F556-2A49-4CB3-8781-2C9AE4CC3096}.Debug|Any CPU.ActiveCfg = Debug|Any CPU
		{EC89F556-2A49-4CB3-8781-2C9AE4CC3096}.Debug|Any CPU.Build.0 = Debug|Any CPU
		{EC89F556-2A49-4CB3-8781-2C9AE4CC3096}.Release|Any CPU.ActiveCfg = Release|Any CPU
		{EC89F556-2A49-4CB3-8781-2C9AE4CC3096}.Release|Any CPU.Build.0 = Release|Any CPU
	EndGlobalSection
	GlobalSection(SolutionProperties) = preSolution
		HideSolutionNode = FALSE
	EndGlobalSection
	GlobalSection(NestedProjects) = preSolution
		{EC89F556-2A49-4CB3-8781-2C9AE4CC3096} = {4ECDDA47-9B74-4472-B9E2-2A6A776DC4BB}
	EndGlobalSection
	GlobalSection(ExtensibilityGlobals) = postSolution
		SolutionGuid = {DA08A73A-6B55-4A93-8A80-666FFB5F791B}
	EndGlobalSection
EndGlobal
