
Microsoft Visual Studio Solution File, Format Version 12.00
# Visual Studio Version 16
VisualStudioVersion = 16.0.33130.400
MinimumVisualStudioVersion = 10.0.40219.1
Project("{FAE04EC0-301F-11D3-BF4B-00C04F79EFBC}") = "Server", "Server\Server.csproj", "{C9F6D5E8-8225-47AD-914C-D4B8D2CC98BF}"
EndProject
Global
	GlobalSection(SolutionConfigurationPlatforms) = preSolution
		Debug|Any CPU = Debug|Any CPU
		Release|Any CPU = Release|Any CPU
	EndGlobalSection
	GlobalSection(ProjectConfigurationPlatforms) = postSolution
		{C9F6D5E8-8225-47AD-914C-D4B8D2CC98BF}.Debug|Any CPU.ActiveCfg = Debug|Any CPU
		{C9F6D5E8-8225-47AD-914C-D4B8D2CC98BF}.Debug|Any CPU.Build.0 = Debug|Any CPU
		{C9F6D5E8-8225-47AD-914C-D4B8D2CC98BF}.Release|Any CPU.ActiveCfg = Release|Any CPU
		{C9F6D5E8-8225-47AD-914C-D4B8D2CC98BF}.Release|Any CPU.Build.0 = Release|Any CPU
	EndGlobalSection
	GlobalSection(SolutionProperties) = preSolution
		HideSolutionNode = FALSE
	EndGlobalSection
	GlobalSection(ExtensibilityGlobals) = postSolution
		SolutionGuid = {DA08A73A-6B55-4A93-8A80-666FFB5F791B}
	EndGlobalSection
EndGlobal
